<?xml version="1.0" encoding="UTF-8" standalone="yes" ?>
<CodeBlocks_project_file>
	<FileVersion major="1" minor="6" />
	<Project>
		<Option title="Year-2042" />
		<Option pch_mode="2" />
		<Option compiler="gcc" />
		<Build>
			<Target title="Debug">
				<Option output="bin/Debug/Year-2042" prefix_auto="1" extension_auto="1" />
				<Option object_output="obj/Debug/" />
				<Option type="0" />
				<Option compiler="gcc" />
				<Compiler>
					<Add option="-g" />
					<Add option="-DSFML_DYNAMIC" />
					<Add directory="bin/Debug/include" />
					<Add directory="include" />
				</Compiler>
				<Linker>
					<Add option="-lsfml-audio-d" />
					<Add option="-lsfml-graphics-d" />
					<Add option="-lsfml-window-d" />
					<Add option="-lsfml-system-d" />
					<Add library="sfml-audio-d" />
					<Add library="sfml-graphics-d" />
					<Add library="sfml-window-d" />
					<Add library="sfml-system-d" />
					<Add directory="bin/Debug/lib" />
				</Linker>
			</Target>
			<Target title="Release">
				<Option output="bin/Release/Year-2042" prefix_auto="1" extension_auto="1" />
				<Option object_output="obj/Release/" />
				<Option type="0" />
				<Option compiler="gcc" />
				<Compiler>
					<Add option="-O2" />
					<Add option="-DSFML_DYNAMIC" />
					<Add directory="bin/Release/include" />
					<Add directory="include" />
				</Compiler>
				<Linker>
					<Add option="-s" />
					<Add option="-lsfml-audio" />
					<Add option="-lsfml-graphics" />
					<Add option="-lsfml-window" />
					<Add option="-lsfml-system" />
					<Add library="sfml-audio" />
					<Add library="sfml-graphics" />
					<Add library="sfml-window" />
					<Add library="sfml-system" />
					<Add directory="bin/Release/lib" />
				</Linker>
			</Target>
		</Build>
		<Compiler>
			<Add option="-Wall" />
			<Add option="-DSFML_DYNAMIC" />
		</Compiler>
		<Linker>
			<Add library="sfml-audio" />
			<Add library="sfml-graphics" />
			<Add library="sfml-window" />
			<Add library="sfml-system" />
		</Linker>
		<Unit filename="include/Background.h" />
		<Unit filename="include/Camera.h" />
		<Unit filename="include/EventHandler.h" />
		<Unit filename="include/Moveable.h" />
		<Unit filename="include/Scene.h" />
		<Unit filename="include/Spaceship.h" />
		<Unit filename="main.cpp" />
		<Unit filename="src/Background.cpp" />
		<Unit filename="src/Camera.cpp" />
		<Unit filename="src/EventHandler.cpp" />
		<Unit filename="src/Moveable.cpp" />
		<Unit filename="src/Scene.cpp" />
		<Unit filename="src/Spaceship.cpp" />
		<Extensions>
			<code_completion />
			<envvars />
			<debugger />
			<lib_finder disable_auto="1" />
		</Extensions>
	</Project>
</CodeBlocks_project_file>
